[[package]]
name = "cachetools"
version = "5.0.0"
description = "Extensible memoizing collections and decorators"
category = "main"
optional = false
python-versions = "~=3.7"

[[package]]
name = "certifi"
version = "2021.10.8"
description = "Python package for providing Mozilla's CA Bundle."
category = "main"
optional = false
python-versions = "*"

[[package]]
name = "charset-normalizer"
version = "2.0.11"
description = "The Real First Universal Charset Detector. Open, modern and actively maintained alternative to Chardet."
category = "main"
optional = false
python-versions = ">=3.5.0"

[package.extras]
unicode_backport = ["unicodedata2"]

[[package]]
name = "google-auth"
version = "2.5.0"
description = "Google Authentication Library"
category = "main"
optional = false
python-versions = ">=2.7,!=3.0.*,!=3.1.*,!=3.2.*,!=3.3.*,!=3.4.*,!=3.5.*"

[package.dependencies]
cachetools = ">=2.0.0,<6.0"
pyasn1-modules = ">=0.2.1"
rsa = {version = ">=3.1.4,<5", markers = "python_version >= \"3.6\""}
six = ">=1.9.0"

[package.extras]
aiohttp = ["requests (>=2.20.0,<3.0.0dev)", "aiohttp (>=3.6.2,<4.0.0dev)"]
pyopenssl = ["pyopenssl (>=20.0.0)"]
reauth = ["pyu2f (>=0.1.5)"]

[[package]]
name = "grpcio"
version = "1.43.0"
description = "HTTP/2-based RPC framework"
category = "main"
optional = false
python-versions = ">=3.6"

[package.dependencies]
six = ">=1.5.2"

[package.extras]
protobuf = ["grpcio-tools (>=1.43.0)"]

[[package]]
name = "grpcio-tools"
version = "1.43.0"
description = "Protobuf code generator for gRPC"
category = "main"
optional = false
python-versions = ">=3.6"

[package.dependencies]
grpcio = ">=1.43.0"
protobuf = ">=3.5.0.post1,<4.0dev"

[[package]]
name = "idna"
version = "3.3"
description = "Internationalized Domain Names in Applications (IDNA)"
category = "main"
optional = false
python-versions = ">=3.5"

[[package]]
name = "kubernetes"
version = "21.7.0"
description = "Kubernetes python client"
category = "main"
optional = false
python-versions = ">=3.6"

[package.dependencies]
certifi = ">=14.05.14"
google-auth = ">=1.0.1"
python-dateutil = ">=2.5.3"
pyyaml = ">=5.4.1"
requests = "*"
requests-oauthlib = "*"
six = ">=1.9.0"
urllib3 = ">=1.24.2"
websocket-client = ">=0.32.0,<0.40.0 || >0.40.0,<0.41.0 || >=0.43.0"

[package.extras]
adal = ["adal (>=1.0.2)"]

[[package]]
name = "modelaapi"
version = "0.4.414"
description = "A suite of automatic machine learning for kubernetes"
category = "main"
optional = false
python-versions = ">=3.4, <4"

[package.dependencies]
grpcio = ">=1.38.1"
grpcio-tools = ">=1.38.1"

[[package]]
name = "oauthlib"
version = "3.2.0"
description = "A generic, spec-compliant, thorough implementation of the OAuth request-signing logic"
category = "main"
optional = false
python-versions = ">=3.6"

[package.extras]
rsa = ["cryptography (>=3.0.0)"]
signals = ["blinker (>=1.4.0)"]
signedtoken = ["cryptography (>=3.0.0)", "pyjwt (>=2.0.0,<3)"]

[[package]]
name = "protobuf"
version = "3.19.4"
description = "Protocol Buffers"
category = "main"
optional = false
python-versions = ">=3.5"

[[package]]
name = "pyasn1"
version = "0.4.8"
description = "ASN.1 types and codecs"
category = "main"
optional = false
python-versions = "*"

[[package]]
name = "pyasn1-modules"
version = "0.2.8"
description = "A collection of ASN.1-based protocols modules."
category = "main"
optional = false
python-versions = "*"

[package.dependencies]
pyasn1 = ">=0.4.6,<0.5.0"

[[package]]
name = "python-dateutil"
version = "2.8.2"
description = "Extensions to the standard Python datetime module"
category = "main"
optional = false
python-versions = "!=3.0.*,!=3.1.*,!=3.2.*,>=2.7"

[package.dependencies]
six = ">=1.5"

[[package]]
name = "pyyaml"
version = "6.0"
description = "YAML parser and emitter for Python"
category = "main"
optional = false
python-versions = ">=3.6"

[[package]]
name = "requests"
version = "2.27.1"
description = "Python HTTP for Humans."
category = "main"
optional = false
python-versions = ">=2.7, !=3.0.*, !=3.1.*, !=3.2.*, !=3.3.*, !=3.4.*, !=3.5.*"

[package.dependencies]
certifi = ">=2017.4.17"
charset-normalizer = {version = ">=2.0.0,<2.1.0", markers = "python_version >= \"3\""}
idna = {version = ">=2.5,<4", markers = "python_version >= \"3\""}
urllib3 = ">=1.21.1,<1.27"

[package.extras]
socks = ["PySocks (>=1.5.6,!=1.5.7)", "win-inet-pton"]
use_chardet_on_py3 = ["chardet (>=3.0.2,<5)"]

[[package]]
name = "requests-oauthlib"
version = "1.3.1"
description = "OAuthlib authentication support for Requests."
category = "main"
optional = false
python-versions = ">=2.7, !=3.0.*, !=3.1.*, !=3.2.*, !=3.3.*"

[package.dependencies]
oauthlib = ">=3.0.0"
requests = ">=2.0.0"

[package.extras]
rsa = ["oauthlib[signedtoken] (>=3.0.0)"]

[[package]]
name = "rsa"
version = "4.8"
description = "Pure-Python RSA implementation"
category = "main"
optional = false
python-versions = ">=3.6,<4"

[package.dependencies]
pyasn1 = ">=0.1.3"

[[package]]
name = "six"
version = "1.16.0"
description = "Python 2 and 3 compatibility utilities"
category = "main"
optional = false
python-versions = ">=2.7, !=3.0.*, !=3.1.*, !=3.2.*"

[[package]]
name = "urllib3"
version = "1.26.8"
description = "HTTP library with thread-safe connection pooling, file post, and more."
category = "main"
optional = false
python-versions = ">=2.7, !=3.0.*, !=3.1.*, !=3.2.*, !=3.3.*, !=3.4.*, <4"

[package.extras]
brotli = ["brotlipy (>=0.6.0)"]
secure = ["pyOpenSSL (>=0.14)", "cryptography (>=1.3.4)", "idna (>=2.0.0)", "certifi", "ipaddress"]
socks = ["PySocks (>=1.5.6,!=1.5.7,<2.0)"]

[[package]]
name = "websocket-client"
version = "1.2.3"
description = "WebSocket client for Python with low level API options"
category = "main"
optional = false
python-versions = ">=3.6"

[package.extras]
docs = ["Sphinx (>=3.4)", "sphinx-rtd-theme (>=0.5)"]
optional = ["python-socks", "wsaccel"]
test = ["websockets"]

[metadata]
lock-version = "1.1"
python-versions = "^3.8"
content-hash = "327299aadfb52b1bf74aa853282210b28220c6d150e82978df5fd4ecd7434612"

[metadata.files]
cachetools = [
    {file = "cachetools-5.0.0-py3-none-any.whl", hash = "sha256:8fecd4203a38af17928be7b90689d8083603073622229ca7077b72d8e5a976e4"},
    {file = "cachetools-5.0.0.tar.gz", hash = "sha256:486471dfa8799eb7ec503a8059e263db000cdda20075ce5e48903087f79d5fd6"},
]
certifi = [
    {file = "certifi-2021.10.8-py2.py3-none-any.whl", hash = "sha256:d62a0163eb4c2344ac042ab2bdf75399a71a2d8c7d47eac2e2ee91b9d6339569"},
    {file = "certifi-2021.10.8.tar.gz", hash = "sha256:78884e7c1d4b00ce3cea67b44566851c4343c120abd683433ce934a68ea58872"},
]
charset-normalizer = [
    {file = "charset-normalizer-2.0.11.tar.gz", hash = "sha256:98398a9d69ee80548c762ba991a4728bfc3836768ed226b3945908d1a688371c"},
    {file = "charset_normalizer-2.0.11-py3-none-any.whl", hash = "sha256:2842d8f5e82a1f6aa437380934d5e1cd4fcf2003b06fed6940769c164a480a45"},
]
google-auth = [
    {file = "google-auth-2.5.0.tar.gz", hash = "sha256:6577bbf990ef342a24e12e0c8e9d364af6642acdf206c9045bdb8e039fb4fec9"},
    {file = "google_auth-2.5.0-py2.py3-none-any.whl", hash = "sha256:ee6199b602594c0dcaa00dc3492e62569f24a788f0aca867b989cef444e4a202"},
]
grpcio = [
    {file = "grpcio-1.43.0-cp310-cp310-linux_armv7l.whl", hash = "sha256:a4e786a8ee8b30b25d70ee52cda6d1dbba2a8ca2f1208d8e20ed8280774f15c8"},
    {file = "grpcio-1.43.0-cp310-cp310-macosx_10_10_universal2.whl", hash = "sha256:af9c3742f6c13575c0d4147a8454da0ff5308c4d9469462ff18402c6416942fe"},
    {file = "grpcio-1.43.0-cp310-cp310-manylinux_2_17_aarch64.whl", hash = "sha256:fdac966699707b5554b815acc272d81e619dd0999f187cd52a61aef075f870ee"},
    {file = "grpcio-1.43.0-cp310-cp310-manylinux_2_17_i686.manylinux2014_i686.whl", hash = "sha256:6e463b4aa0a6b31cf2e57c4abc1a1b53531a18a570baeed39d8d7b65deb16b7e"},
    {file = "grpcio-1.43.0-cp310-cp310-manylinux_2_17_x86_64.manylinux2014_x86_64.whl", hash = "sha256:f11d05402e0ac3a284443d8a432d3dfc76a6bd3f7b5858cddd75617af2d7bd9b"},
    {file = "grpcio-1.43.0-cp310-cp310-win32.whl", hash = "sha256:c36f418c925a41fccada8f7ae9a3d3e227bfa837ddbfddd3d8b0ac252d12dda9"},
    {file = "grpcio-1.43.0-cp310-cp310-win_amd64.whl", hash = "sha256:772b943f34374744f70236bbbe0afe413ed80f9ae6303503f85e2b421d4bca92"},
    {file = "grpcio-1.43.0-cp36-cp36m-linux_armv7l.whl", hash = "sha256:cbc9b83211d905859dcf234ad39d7193ff0f05bfc3269c364fb0d114ee71de59"},
    {file = "grpcio-1.43.0-cp36-cp36m-macosx_10_10_x86_64.whl", hash = "sha256:fb7229fa2a201a0c377ff3283174ec966da8f9fd7ffcc9a92f162d2e7fc9025b"},
    {file = "grpcio-1.43.0-cp36-cp36m-manylinux2010_i686.whl", hash = "sha256:17b75f220ee6923338155b4fcef4c38802b9a57bc57d112c9599a13a03e99f8d"},
    {file = "grpcio-1.43.0-cp36-cp36m-manylinux2010_x86_64.whl", hash = "sha256:6620a5b751b099b3b25553cfc03dfcd873cda06f9bb2ff7e9948ac7090e20f05"},
    {file = "grpcio-1.43.0-cp36-cp36m-manylinux_2_17_aarch64.whl", hash = "sha256:1898f999383baac5fcdbdef8ea5b1ef204f38dc211014eb6977ac6e55944d738"},
    {file = "grpcio-1.43.0-cp36-cp36m-manylinux_2_17_i686.manylinux2014_i686.whl", hash = "sha256:47b6821238d8978014d23b1132713dac6c2d72cbb561cf257608b1673894f90a"},
    {file = "grpcio-1.43.0-cp36-cp36m-manylinux_2_17_x86_64.manylinux2014_x86_64.whl", hash = "sha256:80398e9fb598060fa41050d1220f5a2440fe74ff082c36dda41ac3215ebb5ddd"},
    {file = "grpcio-1.43.0-cp36-cp36m-win32.whl", hash = "sha256:0110310eff07bb69782f53b7a947490268c4645de559034c43c0a635612e250f"},
    {file = "grpcio-1.43.0-cp36-cp36m-win_amd64.whl", hash = "sha256:45401d00f2ee46bde75618bf33e9df960daa7980e6e0e7328047191918c98504"},
    {file = "grpcio-1.43.0-cp37-cp37m-linux_armv7l.whl", hash = "sha256:af78ac55933811e6a25141336b1f2d5e0659c2f568d44d20539b273792563ca7"},
    {file = "grpcio-1.43.0-cp37-cp37m-macosx_10_10_x86_64.whl", hash = "sha256:8b2b9dc4d7897566723b77422e11c009a0ebd397966b165b21b89a62891a9fdf"},
    {file = "grpcio-1.43.0-cp37-cp37m-manylinux2010_i686.whl", hash = "sha256:77ef653f966934b3bfdd00e4f2064b68880eb40cf09b0b99edfa5ee22a44f559"},
    {file = "grpcio-1.43.0-cp37-cp37m-manylinux2010_x86_64.whl", hash = "sha256:e95b5d62ec26d0cd0b90c202d73e7cb927c369c3358e027225239a4e354967dc"},
    {file = "grpcio-1.43.0-cp37-cp37m-manylinux_2_17_aarch64.whl", hash = "sha256:04239e8f71db832c26bbbedb4537b37550a39d77681d748ab4678e58dd6455d6"},
    {file = "grpcio-1.43.0-cp37-cp37m-manylinux_2_17_i686.manylinux2014_i686.whl", hash = "sha256:4b4a7152187a49767a47d1413edde2304c96f41f7bc92cc512e230dfd0fba095"},
    {file = "grpcio-1.43.0-cp37-cp37m-manylinux_2_17_x86_64.manylinux2014_x86_64.whl", hash = "sha256:b8cc936a29c65ab39714e1ba67a694c41218f98b6e2a64efb83f04d9abc4386b"},
    {file = "grpcio-1.43.0-cp37-cp37m-win32.whl", hash = "sha256:577e024c8dd5f27cd98ba850bc4e890f07d4b5942e5bc059a3d88843a2f48f66"},
    {file = "grpcio-1.43.0-cp37-cp37m-win_amd64.whl", hash = "sha256:138f57e3445d4a48d9a8a5af1538fdaafaa50a0a3c243f281d8df0edf221dc02"},
    {file = "grpcio-1.43.0-cp38-cp38-linux_armv7l.whl", hash = "sha256:08cf25f2936629db062aeddbb594bd76b3383ab0ede75ef0461a3b0bc3a2c150"},
    {file = "grpcio-1.43.0-cp38-cp38-macosx_10_10_x86_64.whl", hash = "sha256:01f4b887ed703fe82ebe613e1d2dadea517891725e17e7a6134dcd00352bd28c"},
    {file = "grpcio-1.43.0-cp38-cp38-manylinux2010_i686.whl", hash = "sha256:0aa8285f284338eb68962fe1a830291db06f366ea12f213399b520c062b01f65"},
    {file = "grpcio-1.43.0-cp38-cp38-manylinux2010_x86_64.whl", hash = "sha256:0edbfeb6729aa9da33ce7e28fb7703b3754934115454ae45e8cc1db601756fd3"},
    {file = "grpcio-1.43.0-cp38-cp38-manylinux_2_17_aarch64.whl", hash = "sha256:c354017819201053d65212befd1dcb65c2d91b704d8977e696bae79c47cd2f82"},
    {file = "grpcio-1.43.0-cp38-cp38-manylinux_2_17_i686.manylinux2014_i686.whl", hash = "sha256:50cfb7e1067ee5e00b8ab100a6b7ea322d37ec6672c0455106520b5891c4b5f5"},
    {file = "grpcio-1.43.0-cp38-cp38-manylinux_2_17_x86_64.manylinux2014_x86_64.whl", hash = "sha256:57f1aeb65ed17dfb2f6cd717cc109910fe395133af7257a9c729c0b9604eac10"},
    {file = "grpcio-1.43.0-cp38-cp38-win32.whl", hash = "sha256:fa26a8bbb3fe57845acb1329ff700d5c7eaf06414c3e15f4cb8923f3a466ef64"},
    {file = "grpcio-1.43.0-cp38-cp38-win_amd64.whl", hash = "sha256:ade8b79a6b6aea68adb9d4bfeba5d647667d842202c5d8f3ba37ac1dc8e5c09c"},
    {file = "grpcio-1.43.0-cp39-cp39-linux_armv7l.whl", hash = "sha256:124e718faf96fe44c98b05f3f475076be8b5198bb4c52a13208acf88a8548ba9"},
    {file = "grpcio-1.43.0-cp39-cp39-macosx_10_10_x86_64.whl", hash = "sha256:2f96142d0abc91290a63ba203f01649e498302b1b6007c67bad17f823ecde0cf"},
    {file = "grpcio-1.43.0-cp39-cp39-manylinux2010_i686.whl", hash = "sha256:31e6e489ccd8f08884b9349a39610982df48535881ec34f05a11c6e6b6ebf9d0"},
    {file = "grpcio-1.43.0-cp39-cp39-manylinux2010_x86_64.whl", hash = "sha256:0e731f660e1e68238f56f4ce11156f02fd06dc58bc7834778d42c0081d4ef5ad"},
    {file = "grpcio-1.43.0-cp39-cp39-manylinux_2_17_aarch64.whl", hash = "sha256:1f16725a320460435a8a5339d8b06c4e00d307ab5ad56746af2e22b5f9c50932"},
    {file = "grpcio-1.43.0-cp39-cp39-manylinux_2_17_i686.manylinux2014_i686.whl", hash = "sha256:a4b4543e13acb4806917d883d0f70f21ba93b29672ea81f4aaba14821aaf9bb0"},
    {file = "grpcio-1.43.0-cp39-cp39-manylinux_2_17_x86_64.manylinux2014_x86_64.whl", hash = "sha256:594aaa0469f4fca7773e80d8c27bf1298e7bbce5f6da0f084b07489a708f16ab"},
    {file = "grpcio-1.43.0-cp39-cp39-win32.whl", hash = "sha256:5449ae564349e7a738b8c38583c0aad954b0d5d1dd3cea68953bfc32eaee11e3"},
    {file = "grpcio-1.43.0-cp39-cp39-win_amd64.whl", hash = "sha256:bdf41550815a831384d21a498b20597417fd31bd084deb17d31ceb39ad9acc79"},
    {file = "grpcio-1.43.0.tar.gz", hash = "sha256:735d9a437c262ab039d02defddcb9f8f545d7009ae61c0114e19dda3843febe5"},
]
grpcio-tools = [
    {file = "grpcio-tools-1.43.0.tar.gz", hash = "sha256:f42f1d713096808b1b0472dd2a3749b712d13f0092dab9442d9c096446e860b2"},
    {file = "grpcio_tools-1.43.0-cp310-cp310-linux_armv7l.whl", hash = "sha256:766771ef5b60ebcba0a3bdb302dd92fda988552eb8508451ff6d97371eac38e5"},
    {file = "grpcio_tools-1.43.0-cp310-cp310-macosx_10_10_universal2.whl", hash = "sha256:178a881db5de0f89abf3aeeb260ecfd1116cc31f88fb600a45fb5b19c3323b33"},
    {file = "grpcio_tools-1.43.0-cp310-cp310-manylinux_2_17_aarch64.whl", hash = "sha256:019f55929e963214471825c7a4cdab7a57069109d5621b24e4db7b428b5fe47d"},
    {file = "grpcio_tools-1.43.0-cp310-cp310-manylinux_2_17_i686.manylinux2014_i686.whl", hash = "sha256:e6c0e1d1b47554c580882d392b739df91a55b6a8ec696b2b2e1bbc127d63df2c"},
    {file = "grpcio_tools-1.43.0-cp310-cp310-manylinux_2_17_x86_64.manylinux2014_x86_64.whl", hash = "sha256:4c5c80098fa69593b828d119973744de03c3f9a6935df8a02e4329a39b7072f5"},
    {file = "grpcio_tools-1.43.0-cp310-cp310-win32.whl", hash = "sha256:53f7dcaa4218df1b64b39d0fc7236a8270e8ab2db4ab8cd1d2fda0e6d4544946"},
    {file = "grpcio_tools-1.43.0-cp310-cp310-win_amd64.whl", hash = "sha256:5be6d402b0cafef20ba3abb3baa37444961d9a9c4a6434d3d7c1f082f7697deb"},
    {file = "grpcio_tools-1.43.0-cp36-cp36m-linux_armv7l.whl", hash = "sha256:8953fdebef6905d7ff13a5a376b21b6fecd808d18bf4f0d3990ffe4a215d56eb"},
    {file = "grpcio_tools-1.43.0-cp36-cp36m-macosx_10_10_x86_64.whl", hash = "sha256:18870dcc8369ac4c37213e6796d8dc20494ea770670204f5e573f88e69eaaf0b"},
    {file = "grpcio_tools-1.43.0-cp36-cp36m-manylinux2010_i686.whl", hash = "sha256:010a4be6a2fccbd6741a4809c5da7f2e39a1e9e227745e6b495be567638bbeb9"},
    {file = "grpcio_tools-1.43.0-cp36-cp36m-manylinux2010_x86_64.whl", hash = "sha256:426f16b6b14d533ce61249a18fbcd1a23a4fa0c71a6d7ab347b1c7f862847bb8"},
    {file = "grpcio_tools-1.43.0-cp36-cp36m-manylinux_2_17_aarch64.whl", hash = "sha256:f974cb0bea88bac892c3ed16da92c6ac88cff0fea17f24bf0e1892eb4d27cd00"},
    {file = "grpcio_tools-1.43.0-cp36-cp36m-manylinux_2_17_i686.manylinux2014_i686.whl", hash = "sha256:55c2e604536e06248e2f81e549737fb3a180c8117832e494a0a8a81fbde44837"},
    {file = "grpcio_tools-1.43.0-cp36-cp36m-manylinux_2_17_x86_64.manylinux2014_x86_64.whl", hash = "sha256:f97f9ffa49348fb24692751d2d4455ef2968bd07fe536d65597caaec14222629"},
    {file = "grpcio_tools-1.43.0-cp36-cp36m-win32.whl", hash = "sha256:6eaf97414237b8670ae9fa623879a26eabcc4c635b550c79a81e17eb600d6ae3"},
    {file = "grpcio_tools-1.43.0-cp36-cp36m-win_amd64.whl", hash = "sha256:04f100c1f6a7c72c537760c33582f6970070bd6fa6676b529bccfa31cc58bc79"},
    {file = "grpcio_tools-1.43.0-cp37-cp37m-linux_armv7l.whl", hash = "sha256:9dbb6d1f58f26d88ae689f1b49de84cfaf4786c81c01b9001d3ceea178116a07"},
    {file = "grpcio_tools-1.43.0-cp37-cp37m-macosx_10_10_x86_64.whl", hash = "sha256:63862a441a77f6326ea9fe4bb005882f0e363441a5968d9cf8621c34d3dadc2b"},
    {file = "grpcio_tools-1.43.0-cp37-cp37m-manylinux2010_i686.whl", hash = "sha256:6dea0cb2e79b67593553ed8662f70e4310599fa8850fc0e056b19fcb63572b7f"},
    {file = "grpcio_tools-1.43.0-cp37-cp37m-manylinux2010_x86_64.whl", hash = "sha256:3eb4aa5b0e578c3d9d9da8e37a2ef73654287a498b8081543acd0db7f0ec1a9c"},
    {file = "grpcio_tools-1.43.0-cp37-cp37m-manylinux_2_17_aarch64.whl", hash = "sha256:09464c6b17663088144b7e6ea10e9465efdcee03d4b2ffefab39a799bd8360f8"},
    {file = "grpcio_tools-1.43.0-cp37-cp37m-manylinux_2_17_i686.manylinux2014_i686.whl", hash = "sha256:2458d6b0404f83d95aef00cec01f310d30e9719564a25be50e39b259f6a2da5d"},
    {file = "grpcio_tools-1.43.0-cp37-cp37m-manylinux_2_17_x86_64.manylinux2014_x86_64.whl", hash = "sha256:2e9bb5da437364b7dcd2d3c6850747081ecbec0ba645c96c6d471f7e21fdcadb"},
    {file = "grpcio_tools-1.43.0-cp37-cp37m-win32.whl", hash = "sha256:2737f749a6ab965748629e619b35f3e1cbe5820fc79e34c88f73cb99efc71dde"},
    {file = "grpcio_tools-1.43.0-cp37-cp37m-win_amd64.whl", hash = "sha256:c39cbe7b902bb92f9afaa035091f5e2b8be35acbac501fec8cb6a0be7d7cdbbd"},
    {file = "grpcio_tools-1.43.0-cp38-cp38-linux_armv7l.whl", hash = "sha256:05550ba473cff7c09e905fcfb2263fd1f7600389660194ec022b5d5a3802534b"},
    {file = "grpcio_tools-1.43.0-cp38-cp38-macosx_10_10_x86_64.whl", hash = "sha256:ce13a922db8f5f95c5041d3a4cbf04d942b353f0cba9b251a674f69a31a2d3a6"},
    {file = "grpcio_tools-1.43.0-cp38-cp38-manylinux2010_i686.whl", hash = "sha256:f19d40690c97365c1c1bde81474e6f496d7ab76f87e6d2889c72ad01bac98f2d"},
    {file = "grpcio_tools-1.43.0-cp38-cp38-manylinux2010_x86_64.whl", hash = "sha256:ba3da574eb08fcaed541b3fc97ce217360fd86d954fa9ad6a604803d57a2e049"},
    {file = "grpcio_tools-1.43.0-cp38-cp38-manylinux_2_17_aarch64.whl", hash = "sha256:efd1eb5880001f5189cfa3a774675cc9bbc8cc51586a3e90fe796394ac8626b8"},
    {file = "grpcio_tools-1.43.0-cp38-cp38-manylinux_2_17_i686.manylinux2014_i686.whl", hash = "sha256:234c7a5af653357df5c616e013173eddda6193146c8ab38f3108c4784f66be26"},
    {file = "grpcio_tools-1.43.0-cp38-cp38-manylinux_2_17_x86_64.manylinux2014_x86_64.whl", hash = "sha256:d7e3662f62d410b3f81823b5fa0f79c6e0e250977a1058e4131867b85138a661"},
    {file = "grpcio_tools-1.43.0-cp38-cp38-win32.whl", hash = "sha256:5f2e584d7644ef924e9e042fa151a3bb9f7c28ef1ae260ee6c9cb327982b5e94"},
    {file = "grpcio_tools-1.43.0-cp38-cp38-win_amd64.whl", hash = "sha256:98dcb5b756855110fb661ccd6a93a716610b7efcd5720a3aec01358a1a892c30"},
    {file = "grpcio_tools-1.43.0-cp39-cp39-linux_armv7l.whl", hash = "sha256:61ef6cb6ccf9b9c27bb85fffc5338194bcf444df502196c2ad0ff8df4706d41e"},
    {file = "grpcio_tools-1.43.0-cp39-cp39-macosx_10_10_x86_64.whl", hash = "sha256:1def9b68ac9e62674929bc6590a33d89635f1cf16016657d9e16a69f41aa5c36"},
    {file = "grpcio_tools-1.43.0-cp39-cp39-manylinux2010_i686.whl", hash = "sha256:b68cc0c95a0f8c757e8d69b5fa46111d5c9d887ae62af28f827649b1d1b70fe1"},
    {file = "grpcio_tools-1.43.0-cp39-cp39-manylinux2010_x86_64.whl", hash = "sha256:e956b5c3b586d7b27eae49fb06f544a26288596fe12e22ffec768109717276d1"},
    {file = "grpcio_tools-1.43.0-cp39-cp39-manylinux_2_17_aarch64.whl", hash = "sha256:671e61bbc91d8d568f12c3654bb5a91fce9f3fdfd5ec2cfc60c2d3a840449aa6"},
    {file = "grpcio_tools-1.43.0-cp39-cp39-manylinux_2_17_i686.manylinux2014_i686.whl", hash = "sha256:d7173ed19854d1066bce9bdc09f735ca9c13e74a25d47a1cc5d1fe803b53bffb"},
    {file = "grpcio_tools-1.43.0-cp39-cp39-manylinux_2_17_x86_64.manylinux2014_x86_64.whl", hash = "sha256:1adb0dbcc1c10b86dcda910b8f56e39210e401bcee923dba166ba923a5f4696a"},
    {file = "grpcio_tools-1.43.0-cp39-cp39-win32.whl", hash = "sha256:ebfb94ddb454a6dc3a505d9531dc81c948e6364e181b8795bfad3f3f479974dc"},
    {file = "grpcio_tools-1.43.0-cp39-cp39-win_amd64.whl", hash = "sha256:d21928b680e6e29538688cffbf53f3d5a53cff0ec8f0c33139641700045bdf1a"},
]
idna = [
    {file = "idna-3.3-py3-none-any.whl", hash = "sha256:84d9dd047ffa80596e0f246e2eab0b391788b0503584e8945f2368256d2735ff"},
    {file = "idna-3.3.tar.gz", hash = "sha256:9d643ff0a55b762d5cdb124b8eaa99c66322e2157b69160bc32796e824360e6d"},
]
kubernetes = [
    {file = "kubernetes-21.7.0-py2.py3-none-any.whl", hash = "sha256:044c20253f8577491a87af8f9edea1f929ed6d62ce306376a6cb8aed24e572c5"},
    {file = "kubernetes-21.7.0.tar.gz", hash = "sha256:c9849afc2eafdce60efa210049ee7a94e7ef6cf3a7afa14a69b3bf0447825977"},
]
modelaapi = [
    {file = "modelaapi-0.4.414.tar.gz", hash = "sha256:950d84394e8e19abbc3cc1dfc8f39a236c448681dcbe0b1ba7dec308adfa642f"},
]
oauthlib = [
    {file = "oauthlib-3.2.0-py3-none-any.whl", hash = "sha256:6db33440354787f9b7f3a6dbd4febf5d0f93758354060e802f6c06cb493022fe"},
    {file = "oauthlib-3.2.0.tar.gz", hash = "sha256:23a8208d75b902797ea29fd31fa80a15ed9dc2c6c16fe73f5d346f83f6fa27a2"},
]
protobuf = [
    {file = "protobuf-3.19.4-cp310-cp310-macosx_10_9_universal2.whl", hash = "sha256:f51d5a9f137f7a2cec2d326a74b6e3fc79d635d69ffe1b036d39fc7d75430d37"},
    {file = "protobuf-3.19.4-cp310-cp310-manylinux2014_aarch64.whl", hash = "sha256:09297b7972da685ce269ec52af761743714996b4381c085205914c41fcab59fb"},
    {file = "protobuf-3.19.4-cp310-cp310-manylinux_2_17_x86_64.manylinux2014_x86_64.whl", hash = "sha256:072fbc78d705d3edc7ccac58a62c4c8e0cec856987da7df8aca86e647be4e35c"},
    {file = "protobuf-3.19.4-cp310-cp310-win32.whl", hash = "sha256:7bb03bc2873a2842e5ebb4801f5c7ff1bfbdf426f85d0172f7644fcda0671ae0"},
    {file = "protobuf-3.19.4-cp310-cp310-win_amd64.whl", hash = "sha256:f358aa33e03b7a84e0d91270a4d4d8f5df6921abe99a377828839e8ed0c04e07"},
    {file = "protobuf-3.19.4-cp36-cp36m-macosx_10_9_x86_64.whl", hash = "sha256:1c91ef4110fdd2c590effb5dca8fdbdcb3bf563eece99287019c4204f53d81a4"},
    {file = "protobuf-3.19.4-cp36-cp36m-manylinux_2_17_x86_64.manylinux2014_x86_64.whl", hash = "sha256:c438268eebb8cf039552897d78f402d734a404f1360592fef55297285f7f953f"},
    {file = "protobuf-3.19.4-cp36-cp36m-win32.whl", hash = "sha256:835a9c949dc193953c319603b2961c5c8f4327957fe23d914ca80d982665e8ee"},
    {file = "protobuf-3.19.4-cp36-cp36m-win_amd64.whl", hash = "sha256:4276cdec4447bd5015453e41bdc0c0c1234eda08420b7c9a18b8d647add51e4b"},
    {file = "protobuf-3.19.4-cp37-cp37m-macosx_10_9_x86_64.whl", hash = "sha256:6cbc312be5e71869d9d5ea25147cdf652a6781cf4d906497ca7690b7b9b5df13"},
    {file = "protobuf-3.19.4-cp37-cp37m-manylinux2014_aarch64.whl", hash = "sha256:54a1473077f3b616779ce31f477351a45b4fef8c9fd7892d6d87e287a38df368"},
    {file = "protobuf-3.19.4-cp37-cp37m-manylinux_2_17_x86_64.manylinux2014_x86_64.whl", hash = "sha256:435bb78b37fc386f9275a7035fe4fb1364484e38980d0dd91bc834a02c5ec909"},
    {file = "protobuf-3.19.4-cp37-cp37m-win32.whl", hash = "sha256:16f519de1313f1b7139ad70772e7db515b1420d208cb16c6d7858ea989fc64a9"},
    {file = "protobuf-3.19.4-cp37-cp37m-win_amd64.whl", hash = "sha256:cdc076c03381f5c1d9bb1abdcc5503d9ca8b53cf0a9d31a9f6754ec9e6c8af0f"},
    {file = "protobuf-3.19.4-cp38-cp38-macosx_10_9_x86_64.whl", hash = "sha256:69da7d39e39942bd52848438462674c463e23963a1fdaa84d88df7fbd7e749b2"},
    {file = "protobuf-3.19.4-cp38-cp38-manylinux2014_aarch64.whl", hash = "sha256:48ed3877fa43e22bcacc852ca76d4775741f9709dd9575881a373bd3e85e54b2"},
    {file = "protobuf-3.19.4-cp38-cp38-manylinux_2_17_x86_64.manylinux2014_x86_64.whl", hash = "sha256:bd95d1dfb9c4f4563e6093a9aa19d9c186bf98fa54da5252531cc0d3a07977e7"},
    {file = "protobuf-3.19.4-cp38-cp38-win32.whl", hash = "sha256:b38057450a0c566cbd04890a40edf916db890f2818e8682221611d78dc32ae26"},
    {file = "protobuf-3.19.4-cp38-cp38-win_amd64.whl", hash = "sha256:7ca7da9c339ca8890d66958f5462beabd611eca6c958691a8fe6eccbd1eb0c6e"},
    {file = "protobuf-3.19.4-cp39-cp39-macosx_10_9_x86_64.whl", hash = "sha256:36cecbabbda242915529b8ff364f2263cd4de7c46bbe361418b5ed859677ba58"},
    {file = "protobuf-3.19.4-cp39-cp39-manylinux2014_aarch64.whl", hash = "sha256:c1068287025f8ea025103e37d62ffd63fec8e9e636246b89c341aeda8a67c934"},
    {file = "protobuf-3.19.4-cp39-cp39-manylinux_2_17_x86_64.manylinux2014_x86_64.whl", hash = "sha256:96bd766831596d6014ca88d86dc8fe0fb2e428c0b02432fd9db3943202bf8c5e"},
    {file = "protobuf-3.19.4-cp39-cp39-win32.whl", hash = "sha256:84123274d982b9e248a143dadd1b9815049f4477dc783bf84efe6250eb4b836a"},
    {file = "protobuf-3.19.4-cp39-cp39-win_amd64.whl", hash = "sha256:3112b58aac3bac9c8be2b60a9daf6b558ca3f7681c130dcdd788ade7c9ffbdca"},
    {file = "protobuf-3.19.4-py2.py3-none-any.whl", hash = "sha256:8961c3a78ebfcd000920c9060a262f082f29838682b1f7201889300c1fbe0616"},
    {file = "protobuf-3.19.4.tar.gz", hash = "sha256:9df0c10adf3e83015ced42a9a7bd64e13d06c4cf45c340d2c63020ea04499d0a"},
]
pyasn1 = [
    {file = "pyasn1-0.4.8-py2.4.egg", hash = "sha256:fec3e9d8e36808a28efb59b489e4528c10ad0f480e57dcc32b4de5c9d8c9fdf3"},
    {file = "pyasn1-0.4.8-py2.5.egg", hash = "sha256:0458773cfe65b153891ac249bcf1b5f8f320b7c2ce462151f8fa74de8934becf"},
    {file = "pyasn1-0.4.8-py2.6.egg", hash = "sha256:5c9414dcfede6e441f7e8f81b43b34e834731003427e5b09e4e00e3172a10f00"},
    {file = "pyasn1-0.4.8-py2.7.egg", hash = "sha256:6e7545f1a61025a4e58bb336952c5061697da694db1cae97b116e9c46abcf7c8"},
    {file = "pyasn1-0.4.8-py2.py3-none-any.whl", hash = "sha256:39c7e2ec30515947ff4e87fb6f456dfc6e84857d34be479c9d4a4ba4bf46aa5d"},
    {file = "pyasn1-0.4.8-py3.1.egg", hash = "sha256:78fa6da68ed2727915c4767bb386ab32cdba863caa7dbe473eaae45f9959da86"},
    {file = "pyasn1-0.4.8-py3.2.egg", hash = "sha256:08c3c53b75eaa48d71cf8c710312316392ed40899cb34710d092e96745a358b7"},
    {file = "pyasn1-0.4.8-py3.3.egg", hash = "sha256:03840c999ba71680a131cfaee6fab142e1ed9bbd9c693e285cc6aca0d555e576"},
    {file = "pyasn1-0.4.8-py3.4.egg", hash = "sha256:7ab8a544af125fb704feadb008c99a88805126fb525280b2270bb25cc1d78a12"},
    {file = "pyasn1-0.4.8-py3.5.egg", hash = "sha256:e89bf84b5437b532b0803ba5c9a5e054d21fec423a89952a74f87fa2c9b7bce2"},
    {file = "pyasn1-0.4.8-py3.6.egg", hash = "sha256:014c0e9976956a08139dc0712ae195324a75e142284d5f87f1a87ee1b068a359"},
    {file = "pyasn1-0.4.8-py3.7.egg", hash = "sha256:99fcc3c8d804d1bc6d9a099921e39d827026409a58f2a720dcdb89374ea0c776"},
    {file = "pyasn1-0.4.8.tar.gz", hash = "sha256:aef77c9fb94a3ac588e87841208bdec464471d9871bd5050a287cc9a475cd0ba"},
]
pyasn1-modules = [
    {file = "pyasn1-modules-0.2.8.tar.gz", hash = "sha256:905f84c712230b2c592c19470d3ca8d552de726050d1d1716282a1f6146be65e"},
    {file = "pyasn1_modules-0.2.8-py2.4.egg", hash = "sha256:0fe1b68d1e486a1ed5473f1302bd991c1611d319bba158e98b106ff86e1d7199"},
    {file = "pyasn1_modules-0.2.8-py2.5.egg", hash = "sha256:fe0644d9ab041506b62782e92b06b8c68cca799e1a9636ec398675459e031405"},
    {file = "pyasn1_modules-0.2.8-py2.6.egg", hash = "sha256:a99324196732f53093a84c4369c996713eb8c89d360a496b599fb1a9c47fc3eb"},
    {file = "pyasn1_modules-0.2.8-py2.7.egg", hash = "sha256:0845a5582f6a02bb3e1bde9ecfc4bfcae6ec3210dd270522fee602365430c3f8"},
    {file = "pyasn1_modules-0.2.8-py2.py3-none-any.whl", hash = "sha256:a50b808ffeb97cb3601dd25981f6b016cbb3d31fbf57a8b8a87428e6158d0c74"},
    {file = "pyasn1_modules-0.2.8-py3.1.egg", hash = "sha256:f39edd8c4ecaa4556e989147ebf219227e2cd2e8a43c7e7fcb1f1c18c5fd6a3d"},
    {file = "pyasn1_modules-0.2.8-py3.2.egg", hash = "sha256:b80486a6c77252ea3a3e9b1e360bc9cf28eaac41263d173c032581ad2f20fe45"},
    {file = "pyasn1_modules-0.2.8-py3.3.egg", hash = "sha256:65cebbaffc913f4fe9e4808735c95ea22d7a7775646ab690518c056784bc21b4"},
    {file = "pyasn1_modules-0.2.8-py3.4.egg", hash = "sha256:15b7c67fabc7fc240d87fb9aabf999cf82311a6d6fb2c70d00d3d0604878c811"},
    {file = "pyasn1_modules-0.2.8-py3.5.egg", hash = "sha256:426edb7a5e8879f1ec54a1864f16b882c2837bfd06eee62f2c982315ee2473ed"},
    {file = "pyasn1_modules-0.2.8-py3.6.egg", hash = "sha256:cbac4bc38d117f2a49aeedec4407d23e8866ea4ac27ff2cf7fb3e5b570df19e0"},
    {file = "pyasn1_modules-0.2.8-py3.7.egg", hash = "sha256:c29a5e5cc7a3f05926aff34e097e84f8589cd790ce0ed41b67aed6857b26aafd"},
]
python-dateutil = [
    {file = "python-dateutil-2.8.2.tar.gz", hash = "sha256:0123cacc1627ae19ddf3c27a5de5bd67ee4586fbdd6440d9748f8abb483d3e86"},
    {file = "python_dateutil-2.8.2-py2.py3-none-any.whl", hash = "sha256:961d03dc3453ebbc59dbdea9e4e11c5651520a876d0f4db161e8674aae935da9"},
]
pyyaml = [
    {file = "PyYAML-6.0-cp310-cp310-macosx_10_9_x86_64.whl", hash = "sha256:d4db7c7aef085872ef65a8fd7d6d09a14ae91f691dec3e87ee5ee0539d516f53"},
    {file = "PyYAML-6.0-cp310-cp310-macosx_11_0_arm64.whl", hash = "sha256:9df7ed3b3d2e0ecfe09e14741b857df43adb5a3ddadc919a2d94fbdf78fea53c"},
    {file = "PyYAML-6.0-cp310-cp310-manylinux_2_17_aarch64.manylinux2014_aarch64.whl", hash = "sha256:77f396e6ef4c73fdc33a9157446466f1cff553d979bd00ecb64385760c6babdc"},
    {file = "PyYAML-6.0-cp310-cp310-manylinux_2_17_s390x.manylinux2014_s390x.whl", hash = "sha256:a80a78046a72361de73f8f395f1f1e49f956c6be882eed58505a15f3e430962b"},
    {file = "PyYAML-6.0-cp310-cp310-manylinux_2_5_x86_64.manylinux1_x86_64.manylinux_2_12_x86_64.manylinux2010_x86_64.whl", hash = "sha256:f84fbc98b019fef2ee9a1cb3ce93e3187a6df0b2538a651bfb890254ba9f90b5"},
    {file = "PyYAML-6.0-cp310-cp310-win32.whl", hash = "sha256:2cd5df3de48857ed0544b34e2d40e9fac445930039f3cfe4bcc592a1f836d513"},
    {file = "PyYAML-6.0-cp310-cp310-win_amd64.whl", hash = "sha256:daf496c58a8c52083df09b80c860005194014c3698698d1a57cbcfa182142a3a"},
    {file = "PyYAML-6.0-cp36-cp36m-macosx_10_9_x86_64.whl", hash = "sha256:897b80890765f037df3403d22bab41627ca8811ae55e9a722fd0392850ec4d86"},
    {file = "PyYAML-6.0-cp36-cp36m-manylinux_2_17_aarch64.manylinux2014_aarch64.whl", hash = "sha256:50602afada6d6cbfad699b0c7bb50d5ccffa7e46a3d738092afddc1f9758427f"},
    {file = "PyYAML-6.0-cp36-cp36m-manylinux_2_17_s390x.manylinux2014_s390x.whl", hash = "sha256:48c346915c114f5fdb3ead70312bd042a953a8ce5c7106d5bfb1a5254e47da92"},
    {file = "PyYAML-6.0-cp36-cp36m-manylinux_2_5_x86_64.manylinux1_x86_64.manylinux_2_12_x86_64.manylinux2010_x86_64.whl", hash = "sha256:98c4d36e99714e55cfbaaee6dd5badbc9a1ec339ebfc3b1f52e293aee6bb71a4"},
    {file = "PyYAML-6.0-cp36-cp36m-win32.whl", hash = "sha256:0283c35a6a9fbf047493e3a0ce8d79ef5030852c51e9d911a27badfde0605293"},
    {file = "PyYAML-6.0-cp36-cp36m-win_amd64.whl", hash = "sha256:07751360502caac1c067a8132d150cf3d61339af5691fe9e87803040dbc5db57"},
    {file = "PyYAML-6.0-cp37-cp37m-macosx_10_9_x86_64.whl", hash = "sha256:819b3830a1543db06c4d4b865e70ded25be52a2e0631ccd2f6a47a2822f2fd7c"},
    {file = "PyYAML-6.0-cp37-cp37m-manylinux_2_17_aarch64.manylinux2014_aarch64.whl", hash = "sha256:473f9edb243cb1935ab5a084eb238d842fb8f404ed2193a915d1784b5a6b5fc0"},
    {file = "PyYAML-6.0-cp37-cp37m-manylinux_2_17_s390x.manylinux2014_s390x.whl", hash = "sha256:0ce82d761c532fe4ec3f87fc45688bdd3a4c1dc5e0b4a19814b9009a29baefd4"},
    {file = "PyYAML-6.0-cp37-cp37m-manylinux_2_5_x86_64.manylinux1_x86_64.manylinux_2_12_x86_64.manylinux2010_x86_64.whl", hash = "sha256:231710d57adfd809ef5d34183b8ed1eeae3f76459c18fb4a0b373ad56bedcdd9"},
    {file = "PyYAML-6.0-cp37-cp37m-win32.whl", hash = "sha256:c5687b8d43cf58545ade1fe3e055f70eac7a5a1a0bf42824308d868289a95737"},
    {file = "PyYAML-6.0-cp37-cp37m-win_amd64.whl", hash = "sha256:d15a181d1ecd0d4270dc32edb46f7cb7733c7c508857278d3d378d14d606db2d"},
    {file = "PyYAML-6.0-cp38-cp38-macosx_10_9_x86_64.whl", hash = "sha256:0b4624f379dab24d3725ffde76559cff63d9ec94e1736b556dacdfebe5ab6d4b"},
    {file = "PyYAML-6.0-cp38-cp38-manylinux_2_17_aarch64.manylinux2014_aarch64.whl", hash = "sha256:213c60cd50106436cc818accf5baa1aba61c0189ff610f64f4a3e8c6726218ba"},
    {file = "PyYAML-6.0-cp38-cp38-manylinux_2_17_s390x.manylinux2014_s390x.whl", hash = "sha256:9fa600030013c4de8165339db93d182b9431076eb98eb40ee068700c9c813e34"},
    {file = "PyYAML-6.0-cp38-cp38-manylinux_2_5_x86_64.manylinux1_x86_64.manylinux_2_12_x86_64.manylinux2010_x86_64.whl", hash = "sha256:277a0ef2981ca40581a47093e9e2d13b3f1fbbeffae064c1d21bfceba2030287"},
    {file = "PyYAML-6.0-cp38-cp38-win32.whl", hash = "sha256:d4eccecf9adf6fbcc6861a38015c2a64f38b9d94838ac1810a9023a0609e1b78"},
    {file = "PyYAML-6.0-cp38-cp38-win_amd64.whl", hash = "sha256:1e4747bc279b4f613a09eb64bba2ba602d8a6664c6ce6396a4d0cd413a50ce07"},
    {file = "PyYAML-6.0-cp39-cp39-macosx_10_9_x86_64.whl", hash = "sha256:055d937d65826939cb044fc8c9b08889e8c743fdc6a32b33e2390f66013e449b"},
    {file = "PyYAML-6.0-cp39-cp39-macosx_11_0_arm64.whl", hash = "sha256:e61ceaab6f49fb8bdfaa0f92c4b57bcfbea54c09277b1b4f7ac376bfb7a7c174"},
    {file = "PyYAML-6.0-cp39-cp39-manylinux_2_17_aarch64.manylinux2014_aarch64.whl", hash = "sha256:d67d839ede4ed1b28a4e8909735fc992a923cdb84e618544973d7dfc71540803"},
    {file = "PyYAML-6.0-cp39-cp39-manylinux_2_17_s390x.manylinux2014_s390x.whl", hash = "sha256:cba8c411ef271aa037d7357a2bc8f9ee8b58b9965831d9e51baf703280dc73d3"},
    {file = "PyYAML-6.0-cp39-cp39-manylinux_2_5_x86_64.manylinux1_x86_64.manylinux_2_12_x86_64.manylinux2010_x86_64.whl", hash = "sha256:40527857252b61eacd1d9af500c3337ba8deb8fc298940291486c465c8b46ec0"},
    {file = "PyYAML-6.0-cp39-cp39-win32.whl", hash = "sha256:b5b9eccad747aabaaffbc6064800670f0c297e52c12754eb1d976c57e4f74dcb"},
    {file = "PyYAML-6.0-cp39-cp39-win_amd64.whl", hash = "sha256:b3d267842bf12586ba6c734f89d1f5b871df0273157918b0ccefa29deb05c21c"},
    {file = "PyYAML-6.0.tar.gz", hash = "sha256:68fb519c14306fec9720a2a5b45bc9f0c8d1b9c72adf45c37baedfcd949c35a2"},
]
requests = [
    {file = "requests-2.27.1-py2.py3-none-any.whl", hash = "sha256:f22fa1e554c9ddfd16e6e41ac79759e17be9e492b3587efa038054674760e72d"},
    {file = "requests-2.27.1.tar.gz", hash = "sha256:68d7c56fd5a8999887728ef304a6d12edc7be74f1cfa47714fc8b414525c9a61"},
]
requests-oauthlib = [
    {file = "requests-oauthlib-1.3.1.tar.gz", hash = "sha256:75beac4a47881eeb94d5ea5d6ad31ef88856affe2332b9aafb52c6452ccf0d7a"},
    {file = "requests_oauthlib-1.3.1-py2.py3-none-any.whl", hash = "sha256:2577c501a2fb8d05a304c09d090d6e47c306fef15809d102b327cf8364bddab5"},
]
rsa = [
    {file = "rsa-4.8-py3-none-any.whl", hash = "sha256:95c5d300c4e879ee69708c428ba566c59478fd653cc3a22243eeb8ed846950bb"},
    {file = "rsa-4.8.tar.gz", hash = "sha256:5c6bd9dc7a543b7fe4304a631f8a8a3b674e2bbfc49c2ae96200cdbe55df6b17"},
]
six = [
    {file = "six-1.16.0-py2.py3-none-any.whl", hash = "sha256:8abb2f1d86890a2dfb989f9a77cfcfd3e47c2a354b01111771326f8aa26e0254"},
    {file = "six-1.16.0.tar.gz", hash = "sha256:1e61c37477a1626458e36f7b1d82aa5c9b094fa4802892072e49de9c60c4c926"},
]
urllib3 = [
    {file = "urllib3-1.26.8-py2.py3-none-any.whl", hash = "sha256:000ca7f471a233c2251c6c7023ee85305721bfdf18621ebff4fd17a8653427ed"},
    {file = "urllib3-1.26.8.tar.gz", hash = "sha256:0e7c33d9a63e7ddfcb86780aac87befc2fbddf46c58dbb487e0855f7ceec283c"},
]
websocket-client = [
    {file = "websocket-client-1.2.3.tar.gz", hash = "sha256:1315816c0acc508997eb3ae03b9d3ff619c9d12d544c9a9b553704b1cc4f6af5"},
    {file = "websocket_client-1.2.3-py3-none-any.whl", hash = "sha256:2eed4cc58e4d65613ed6114af2f380f7910ff416fc8c46947f6e76b6815f56c0"},
]
